
Microsoft Visual Studio Solution File, Format Version 12.00
# Visual Studio 15
VisualStudioVersion = 15.0.28307.329
MinimumVisualStudioVersion = 10.0.40219.1
Project("{FAE04EC0-301F-11D3-BF4B-00C04F79EFBC}") = "MAHA Dyno", "MAHA Dyno\MAHA Dyno.csproj", "{CA7F7443-FBF0-4634-ACE6-D4E37B8014A8}"
EndProject
Global
	GlobalSection(SolutionConfigurationPlatforms) = preSolution
		Debug|Any CPU = Debug|Any CPU
		Release|Any CPU = Release|Any CPU
	EndGlobalSection
	GlobalSection(ProjectConfigurationPlatforms) = postSolution
		{CA7F7443-FBF0-4634-ACE6-D4E37B8014A8}.Debug|Any CPU.ActiveCfg = Debug|Any CPU
		{CA7F7443-FBF0-4634-ACE6-D4E37B8014A8}.Debug|Any CPU.Build.0 = Debug|Any CPU
		{CA7F7443-FBF0-4634-ACE6-D4E37B8014A8}.Release|Any CPU.ActiveCfg = Release|Any CPU
		{CA7F7443-FBF0-4634-ACE6-D4E37B8014A8}.Release|Any CPU.Build.0 = Release|Any CPU
	EndGlobalSection
	GlobalSection(SolutionProperties) = preSolution
		HideSolutionNode = FALSE
	EndGlobalSection
	GlobalSection(ExtensibilityGlobals) = postSolution
		SolutionGuid = {4F37ADFB-552F-4DC3-9006-2232BD50BE12}
	EndGlobalSection
EndGlobal
